
Microsoft Visual Studio Solution File, Format Version 12.00
# Visual Studio Version 17
VisualStudioVersion = 17.8.34511.84
MinimumVisualStudioVersion = 10.0.40219.1
Project("{FAE04EC0-301F-11D3-BF4B-00C04F79EFBC}") = "Mission08_Team0306", "Mission08_Team0306\Mission08_Team0306.csproj", "{87082607-B8F9-4EB6-A11D-15E65B769320}"
EndProject
Global
	GlobalSection(SolutionConfigurationPlatforms) = preSolution
		Debug|Any CPU = Debug|Any CPU
		Release|Any CPU = Release|Any CPU
	EndGlobalSection
	GlobalSection(ProjectConfigurationPlatforms) = postSolution
		{87082607-B8F9-4EB6-A11D-15E65B769320}.Debug|Any CPU.ActiveCfg = Debug|Any CPU
		{87082607-B8F9-4EB6-A11D-15E65B769320}.Debug|Any CPU.Build.0 = Debug|Any CPU
		{87082607-B8F9-4EB6-A11D-15E65B769320}.Release|Any CPU.ActiveCfg = Release|Any CPU
		{87082607-B8F9-4EB6-A11D-15E65B769320}.Release|Any CPU.Build.0 = Release|Any CPU
	EndGlobalSection
	GlobalSection(SolutionProperties) = preSolution
		HideSolutionNode = FALSE
	EndGlobalSection
	GlobalSection(ExtensibilityGlobals) = postSolution
		SolutionGuid = {C9DBC021-9BEA-45F1-B01A-F4DD57DD1C57}
	EndGlobalSection
EndGlobal
